numpy==1.26.4
scipy==1.15.3
pyzmq==27.1.0
PyYAML==6.0.2
pyserial==3.5
dynamixel-sdk==4.0.5
genesis-world==1.2.0
imgui==2.0.0
glfw==2.10.0
PyOpenGL==3.1.10
PyOpenGL-accelerate==3.1.10
torch==2.12.1
torchvision==0.27.1
opencv-contrib-python==4.11.0.86
pyrealsense2==2.58.2.10647
ultralytics==8.4.75
casadi==3.7.2
opentelemetry-api==1.43.0
opentelemetry-sdk==1.43.0
opentelemetry-exporter-otlp-proto-http==1.43.0
aiortc==1.13.0
av==14.2.0
pytest==8.4.2
dulwich==0.22.8
paramiko==3.5.1
